
Microsoft Visual Studio Solution File, Format Version 12.00
# Visual Studio Version 17
VisualStudioVersion = 17.14.36908.2
MinimumVisualStudioVersion = 10.0.40219.1
Project("{FAE04EC0-301F-11D3-BF4B-00C04F79EFBC}") = "Skillin.Domain", "Skillin.Domain\Skillin.Domain.csproj", "{16D122C8-4DEB-4234-AEB8-C0C801C9A69C}"
EndProject
Project("{FAE04EC0-301F-11D3-BF4B-00C04F79EFBC}") = "Skillin.Application", "Skillin.Application\Skillin.Application.csproj", "{75639E41-74B8-4454-BD47-4DB0BC7ADB85}"
EndProject
Project("{FAE04EC0-301F-11D3-BF4B-00C04F79EFBC}") = "Skillin.Infrastructure", "Skillin.Infrastructure\Skillin.Infrastructure.csproj", "{FBD3A5D5-13DA-4E1C-9DCB-157F81879E95}"
EndProject
Project("{FAE04EC0-301F-11D3-BF4B-00C04F79EFBC}") = "Skillin.API", "Skillin.API\Skillin.API.csproj", "{E713011B-B692-46EC-BAAF-6FA3C4D0BD87}"
EndProject
Global
	GlobalSection(SolutionConfigurationPlatforms) = preSolution
		Debug|Any CPU = Debug|Any CPU
		Release|Any CPU = Release|Any CPU
	EndGlobalSection
	GlobalSection(ProjectConfigurationPlatforms) = postSolution
		{16D122C8-4DEB-4234-AEB8-C0C801C9A69C}.Debug|Any CPU.ActiveCfg = Debug|Any CPU
		{16D122C8-4DEB-4234-AEB8-C0C801C9A69C}.Debug|Any CPU.Build.0 = Debug|Any CPU
		{16D122C8-4DEB-4234-AEB8-C0C801C9A69C}.Release|Any CPU.ActiveCfg = Release|Any CPU
		{16D122C8-4DEB-4234-AEB8-C0C801C9A69C}.Release|Any CPU.Build.0 = Release|Any CPU
		{75639E41-74B8-4454-BD47-4DB0BC7ADB85}.Debug|Any CPU.ActiveCfg = Debug|Any CPU
		{75639E41-74B8-4454-BD47-4DB0BC7ADB85}.Debug|Any CPU.Build.0 = Debug|Any CPU
		{75639E41-74B8-4454-BD47-4DB0BC7ADB85}.Release|Any CPU.ActiveCfg = Release|Any CPU
		{75639E41-74B8-4454-BD47-4DB0BC7ADB85}.Release|Any CPU.Build.0 = Release|Any CPU
		{FBD3A5D5-13DA-4E1C-9DCB-157F81879E95}.Debug|Any CPU.ActiveCfg = Debug|Any CPU
		{FBD3A5D5-13DA-4E1C-9DCB-157F81879E95}.Debug|Any CPU.Build.0 = Debug|Any CPU
		{FBD3A5D5-13DA-4E1C-9DCB-157F81879E95}.Release|Any CPU.ActiveCfg = Release|Any CPU
		{FBD3A5D5-13DA-4E1C-9DCB-157F81879E95}.Release|Any CPU.Build.0 = Release|Any CPU
		{E713011B-B692-46EC-BAAF-6FA3C4D0BD87}.Debug|Any CPU.ActiveCfg = Debug|Any CPU
		{E713011B-B692-46EC-BAAF-6FA3C4D0BD87}.Debug|Any CPU.Build.0 = Debug|Any CPU
		{E713011B-B692-46EC-BAAF-6FA3C4D0BD87}.Release|Any CPU.ActiveCfg = Release|Any CPU
		{E713011B-B692-46EC-BAAF-6FA3C4D0BD87}.Release|Any CPU.Build.0 = Release|Any CPU
	EndGlobalSection
	GlobalSection(SolutionProperties) = preSolution
		HideSolutionNode = FALSE
	EndGlobalSection
	GlobalSection(ExtensibilityGlobals) = postSolution
		SolutionGuid = {E8AB6956-3EF7-4927-B32A-474FFDBCA9B6}
	EndGlobalSection
EndGlobal
