
Microsoft Visual Studio Solution File, Format Version 12.00
# Visual Studio Version 17
VisualStudioVersion = 17.14.36908.2 d17.14
MinimumVisualStudioVersion = 10.0.40219.1
Project("{FAE04EC0-301F-11D3-BF4B-00C04F79EFBC}") = "Skillin", "Skillin.csproj", "{A18D21B3-7453-442D-A341-11F8D56D9A14}"
EndProject
Global
	GlobalSection(SolutionConfigurationPlatforms) = preSolution
		Debug|Any CPU = Debug|Any CPU
		Release|Any CPU = Release|Any CPU
	EndGlobalSection
	GlobalSection(ProjectConfigurationPlatforms) = postSolution
		{A18D21B3-7453-442D-A341-11F8D56D9A14}.Debug|Any CPU.ActiveCfg = Debug|Any CPU
		{A18D21B3-7453-442D-A341-11F8D56D9A14}.Debug|Any CPU.Build.0 = Debug|Any CPU
		{A18D21B3-7453-442D-A341-11F8D56D9A14}.Release|Any CPU.ActiveCfg = Release|Any CPU
		{A18D21B3-7453-442D-A341-11F8D56D9A14}.Release|Any CPU.Build.0 = Release|Any CPU
	EndGlobalSection
	GlobalSection(SolutionProperties) = preSolution
		HideSolutionNode = FALSE
	EndGlobalSection
	GlobalSection(ExtensibilityGlobals) = postSolution
		SolutionGuid = {E8AB6956-3EF7-4927-B32A-474FFDBCA9B6}
	EndGlobalSection
EndGlobal
